
Microsoft Visual Studio Solution File, Format Version 12.00
# Visual Studio Version 17
VisualStudioVersion = 17.14.36518.9
MinimumVisualStudioVersion = 10.0.40219.1
Project("{9A19103F-16F7-4668-BE54-9A1E7A4F7556}") = "BatTrangHamony", "BatTrangHamony\BatTrangHamony.csproj", "{31959A8B-FD79-473F-B939-EC3ADC8C6952}"
EndProject
Global
	GlobalSection(SolutionConfigurationPlatforms) = preSolution
		Debug|Any CPU = Debug|Any CPU
		Release|Any CPU = Release|Any CPU
	EndGlobalSection
	GlobalSection(ProjectConfigurationPlatforms) = postSolution
		{31959A8B-FD79-473F-B939-EC3ADC8C6952}.Debug|Any CPU.ActiveCfg = Debug|Any CPU
		{31959A8B-FD79-473F-B939-EC3ADC8C6952}.Debug|Any CPU.Build.0 = Debug|Any CPU
		{31959A8B-FD79-473F-B939-EC3ADC8C6952}.Release|Any CPU.ActiveCfg = Release|Any CPU
		{31959A8B-FD79-473F-B939-EC3ADC8C6952}.Release|Any CPU.Build.0 = Release|Any CPU
	EndGlobalSection
	GlobalSection(SolutionProperties) = preSolution
		HideSolutionNode = FALSE
	EndGlobalSection
	GlobalSection(ExtensibilityGlobals) = postSolution
		SolutionGuid = {0C98AC72-759D-49B8-A1DB-2687A68FF81A}
	EndGlobalSection
EndGlobal
